
Microsoft Visual Studio Solution File, Format Version 12.00
# Visual Studio Version 16
VisualStudioVersion = 16.0.29209.152
MinimumVisualStudioVersion = 15.0.26124.0
Project("{9A19103F-16F7-4668-BE54-9A1E7A4F7556}") = "MargieBot", "MargieBot\MargieBot.csproj", "{53239812-1F40-4C33-9D11-4B3AA0A6849B}"
EndProject
Project("{9A19103F-16F7-4668-BE54-9A1E7A4F7556}") = "Margiebot.ConsoleHost", "Margiebot.ConsoleHost\Margiebot.ConsoleHost.csproj", "{C7D98155-8D4B-4741-B1DA-14F78E5D42C6}"
EndProject
Project("{9A19103F-16F7-4668-BE54-9A1E7A4F7556}") = "MargieBot.Debug", "MargieBot.Debug\MargieBot.Debug.csproj", "{7B05F92D-2152-4FAA-A7E1-8C24ECF2E2F8}"
EndProject
Project("{9A19103F-16F7-4668-BE54-9A1E7A4F7556}") = "MargieBot.SampleResponders", "MargieBot.SampleResponders\MargieBot.SampleResponders.csproj", "{9567346B-D037-4964-B93D-DA5C80648576}"
EndProject
Global
	GlobalSection(SolutionConfigurationPlatforms) = preSolution
		Debug|Any CPU = Debug|Any CPU
		Debug|x64 = Debug|x64
		Debug|x86 = Debug|x86
		Release|Any CPU = Release|Any CPU
		Release|x64 = Release|x64
		Release|x86 = Release|x86
	EndGlobalSection
	GlobalSection(ProjectConfigurationPlatforms) = postSolution
		{53239812-1F40-4C33-9D11-4B3AA0A6849B}.Debug|Any CPU.ActiveCfg = Debug|Any CPU
		{53239812-1F40-4C33-9D11-4B3AA0A6849B}.Debug|Any CPU.Build.0 = Debug|Any CPU
		{53239812-1F40-4C33-9D11-4B3AA0A6849B}.Debug|x64.ActiveCfg = Debug|Any CPU
		{53239812-1F40-4C33-9D11-4B3AA0A6849B}.Debug|x64.Build.0 = Debug|Any CPU
		{53239812-1F40-4C33-9D11-4B3AA0A6849B}.Debug|x86.ActiveCfg = Debug|Any CPU
		{53239812-1F40-4C33-9D11-4B3AA0A6849B}.Debug|x86.Build.0 = Debug|Any CPU
		{53239812-1F40-4C33-9D11-4B3AA0A6849B}.Release|Any CPU.ActiveCfg = Release|Any CPU
		{53239812-1F40-4C33-9D11-4B3AA0A6849B}.Release|Any CPU.Build.0 = Release|Any CPU
		{53239812-1F40-4C33-9D11-4B3AA0A6849B}.Release|x64.ActiveCfg = Release|Any CPU
		{53239812-1F40-4C33-9D11-4B3AA0A6849B}.Release|x64.Build.0 = Release|Any CPU
		{53239812-1F40-4C33-9D11-4B3AA0A6849B}.Release|x86.ActiveCfg = Release|Any CPU
		{53239812-1F40-4C33-9D11-4B3AA0A6849B}.Release|x86.Build.0 = Release|Any CPU
		{C7D98155-8D4B-4741-B1DA-14F78E5D42C6}.Debug|Any CPU.ActiveCfg = Debug|Any CPU
		{C7D98155-8D4B-4741-B1DA-14F78E5D42C6}.Debug|Any CPU.Build.0 = Debug|Any CPU
		{C7D98155-8D4B-4741-B1DA-14F78E5D42C6}.Debug|x64.ActiveCfg = Debug|Any CPU
		{C7D98155-8D4B-4741-B1DA-14F78E5D42C6}.Debug|x64.Build.0 = Debug|Any CPU
		{C7D98155-8D4B-4741-B1DA-14F78E5D42C6}.Debug|x86.ActiveCfg = Debug|Any CPU
		{C7D98155-8D4B-4741-B1DA-14F78E5D42C6}.Debug|x86.Build.0 = Debug|Any CPU
		{C7D98155-8D4B-4741-B1DA-14F78E5D42C6}.Release|Any CPU.ActiveCfg = Release|Any CPU
		{C7D98155-8D4B-4741-B1DA-14F78E5D42C6}.Release|Any CPU.Build.0 = Release|Any CPU
		{C7D98155-8D4B-4741-B1DA-14F78E5D42C6}.Release|x64.ActiveCfg = Release|Any CPU
		{C7D98155-8D4B-4741-B1DA-14F78E5D42C6}.Release|x64.Build.0 = Release|Any CPU
		{C7D98155-8D4B-4741-B1DA-14F78E5D42C6}.Release|x86.ActiveCfg = Release|Any CPU
		{C7D98155-8D4B-4741-B1DA-14F78E5D42C6}.Release|x86.Build.0 = Release|Any CPU
		{7B05F92D-2152-4FAA-A7E1-8C24ECF2E2F8}.Debug|Any CPU.ActiveCfg = Debug|Any CPU
		{7B05F92D-2152-4FAA-A7E1-8C24ECF2E2F8}.Debug|Any CPU.Build.0 = Debug|Any CPU
		{7B05F92D-2152-4FAA-A7E1-8C24ECF2E2F8}.Debug|x64.ActiveCfg = Debug|Any CPU
		{7B05F92D-2152-4FAA-A7E1-8C24ECF2E2F8}.Debug|x64.Build.0 = Debug|Any CPU
		{7B05F92D-2152-4FAA-A7E1-8C24ECF2E2F8}.Debug|x86.ActiveCfg = Debug|Any CPU
		{7B05F92D-2152-4FAA-A7E1-8C24ECF2E2F8}.Debug|x86.Build.0 = Debug|Any CPU
		{7B05F92D-2152-4FAA-A7E1-8C24ECF2E2F8}.Release|Any CPU.ActiveCfg = Release|Any CPU
		{7B05F92D-2152-4FAA-A7E1-8C24ECF2E2F8}.Release|Any CPU.Build.0 = Release|Any CPU
		{7B05F92D-2152-4FAA-A7E1-8C24ECF2E2F8}.Release|x64.ActiveCfg = Release|Any CPU
		{7B05F92D-2152-4FAA-A7E1-8C24ECF2E2F8}.Release|x64.Build.0 = Release|Any CPU
		{7B05F92D-2152-4FAA-A7E1-8C24ECF2E2F8}.Release|x86.ActiveCfg = Release|Any CPU
		{7B05F92D-2152-4FAA-A7E1-8C24ECF2E2F8}.Release|x86.Build.0 = Release|Any CPU
		{9567346B-D037-4964-B93D-DA5C80648576}.Debug|Any CPU.ActiveCfg = Debug|Any CPU
		{9567346B-D037-4964-B93D-DA5C80648576}.Debug|Any CPU.Build.0 = Debug|Any CPU
		{9567346B-D037-4964-B93D-DA5C80648576}.Debug|x64.ActiveCfg = Debug|Any CPU
		{9567346B-D037-4964-B93D-DA5C80648576}.Debug|x64.Build.0 = Debug|Any CPU
		{9567346B-D037-4964-B93D-DA5C80648576}.Debug|x86.ActiveCfg = Debug|Any CPU
		{9567346B-D037-4964-B93D-DA5C80648576}.Debug|x86.Build.0 = Debug|Any CPU
		{9567346B-D037-4964-B93D-DA5C80648576}.Release|Any CPU.ActiveCfg = Release|Any CPU
		{9567346B-D037-4964-B93D-DA5C80648576}.Release|Any CPU.Build.0 = Release|Any CPU
		{9567346B-D037-4964-B93D-DA5C80648576}.Release|x64.ActiveCfg = Release|Any CPU
		{9567346B-D037-4964-B93D-DA5C80648576}.Release|x64.Build.0 = Release|Any CPU
		{9567346B-D037-4964-B93D-DA5C80648576}.Release|x86.ActiveCfg = Release|Any CPU
		{9567346B-D037-4964-B93D-DA5C80648576}.Release|x86.Build.0 = Release|Any CPU
	EndGlobalSection
	GlobalSection(SolutionProperties) = preSolution
		HideSolutionNode = FALSE
	EndGlobalSection
	GlobalSection(ExtensibilityGlobals) = postSolution
		SolutionGuid = {6DA623FF-9C0E-4D75-93C0-442DF6EC210D}
	EndGlobalSection
EndGlobal
